
Microsoft Visual Studio Solution File, Format Version 12.00
# Visual Studio Version 17
VisualStudioVersion = 17.5.33414.496
MinimumVisualStudioVersion = 10.0.40219.1
Project("{FAE04EC0-301F-11D3-BF4B-00C04F79EFBC}") = "laba4", "laba4.csproj", "{64D22A09-7742-4E19-8C26-FF53B9C43E4B}"
EndProject
Global
	GlobalSection(SolutionConfigurationPlatforms) = preSolution
		Debug|Any CPU = Debug|Any CPU
		Release|Any CPU = Release|Any CPU
	EndGlobalSection
	GlobalSection(ProjectConfigurationPlatforms) = postSolution
		{64D22A09-7742-4E19-8C26-FF53B9C43E4B}.Debug|Any CPU.ActiveCfg = Debug|Any CPU
		{64D22A09-7742-4E19-8C26-FF53B9C43E4B}.Debug|Any CPU.Build.0 = Debug|Any CPU
		{64D22A09-7742-4E19-8C26-FF53B9C43E4B}.Release|Any CPU.ActiveCfg = Release|Any CPU
		{64D22A09-7742-4E19-8C26-FF53B9C43E4B}.Release|Any CPU.Build.0 = Release|Any CPU
	EndGlobalSection
	GlobalSection(SolutionProperties) = preSolution
		HideSolutionNode = FALSE
	EndGlobalSection
	GlobalSection(ExtensibilityGlobals) = postSolution
		SolutionGuid = {966CAC09-3C9B-4070-AE31-6AE5CAC0BFB2}
	EndGlobalSection
EndGlobal
